# This file was autogenerated by uv via the following command:
#    uv pip compile requirements-dev.txt -o requirements.lock
beautifulsoup4==4.15.0
    # via yfinance
certifi==2026.7.22
    # via
    #   curl-cffi
    #   requests
cffi==2.1.1
    # via curl-cffi
charset-normalizer==3.4.9
    # via requests
curl-cffi==0.16.0
    # via yfinance
finnhub-python==2.4.29
    # via -r requirements.txt
frozendict==2.4.7
    # via yfinance
icalendar==6.3.2
    # via -r requirements.txt
idna==3.18
    # via requests
iniconfig==2.3.0
    # via pytest
multitasking==0.0.13
    # via yfinance
numpy==2.5.2
    # via
    #   pandas
    #   yfinance
packaging==26.3
    # via pytest
pandas==3.0.5
    # via yfinance
peewee==4.3.0
    # via yfinance
platformdirs==4.11.2
    # via yfinance
pluggy==1.6.0
    # via pytest
protobuf==7.35.1
    # via yfinance
pycparser==3.0
    # via cffi
pygments==2.20.0
    # via pytest
pytest==8.4.2
    # via -r requirements-dev.txt
python-dateutil==2.9.0.post0
    # via
    #   icalendar
    #   pandas
pytz==2026.3.post1
    # via yfinance
pyyaml==6.0.3
    # via -r requirements.txt
requests==2.34.2
    # via
    #   -r requirements.txt
    #   finnhub-python
    #   yfinance
six==1.17.0
    # via python-dateutil
soupsieve==2.9.2
    # via beautifulsoup4
typing-extensions==4.16.0
    # via beautifulsoup4
tzdata==2026.3
    # via icalendar
urllib3==2.7.0
    # via requests
websockets==17.0.1
    # via yfinance
yfinance==0.2.66
    # via -r requirements.txt
